// !$*UTF8*$!
{
	archiveVersion = 1;
	classes = {
	};
	objectVersion = 50;
	objects = {

/* Begin PBXBuildFile section */
		5C232639231029210045798D /* AppDelegate.swift in Sources */ = {isa = PBXBuildFile; fileRef = 5C232638231029210045798D /* AppDelegate.swift */; };
		5C23263B231029210045798D /* ViewController.swift in Sources */ = {isa = PBXBuildFile; fileRef = 5C23263A231029210045798D /* ViewController.swift */; };
		5C23263E231029210045798D /* Main.storyboard in Resources */ = {isa = PBXBuildFile; fileRef = 5C23263C231029210045798D /* Main.storyboard */; };
		5C232640231029240045798D /* Assets.xcassets in Resources */ = {isa = PBXBuildFile; fileRef = 5C23263F231029240045798D /* Assets.xcassets */; };
		5C232643231029240045798D /* LaunchScreen.storyboard in Resources */ = {isa = PBXBuildFile; fileRef = 5C232641231029240045798D /* LaunchScreen.storyboard */; };
		5CC0763C2314850A00FFDE1B /* info-icon.png in Resources */ = {isa = PBXBuildFile; fileRef = 5CC0763B2314850A00FFDE1B /* info-icon.png */; };
		5CC0763E231487DB00FFDE1B /* Cartoon Mike_trans-2.gif in Resources */ = {isa = PBXBuildFile; fileRef = 5CC0763D231487DB00FFDE1B /* Cartoon Mike_trans-2.gif */; };
		5CF2417323295C26001B11C2 /* AboutViewController.swift in Sources */ = {isa = PBXBuildFile; fileRef = 5CF2417223295C26001B11C2 /* AboutViewController.swift */; };
		5CF241752329615E001B11C2 /* LeftToRightSegue.swift in Sources */ = {isa = PBXBuildFile; fileRef = 5CF241742329615E001B11C2 /* LeftToRightSegue.swift */; };
		5CF241772329634C001B11C2 /* RightToLeftSegue.swift in Sources */ = {isa = PBXBuildFile; fileRef = 5CF241762329634C001B11C2 /* RightToLeftSegue.swift */; };
/* End PBXBuildFile section */

/* Begin PBXFileReference section */
		5C232635231029210045798D /* One-Day-Diet.app */ = {isa = PBXFileReference; explicitFileType = wrapper.application; includeInIndex = 0; path = "One-Day-Diet.app"; sourceTree = BUILT_PRODUCTS_DIR; };
		5C232638231029210045798D /* AppDelegate.swift */ = {isa = PBXFileReference; lastKnownFileType = sourcecode.swift; path = AppDelegate.swift; sourceTree = "<group>"; };
		5C23263A231029210045798D /* ViewController.swift */ = {isa = PBXFileReference; lastKnownFileType = sourcecode.swift; path = ViewController.swift; sourceTree = "<group>"; };
		5C23263D231029210045798D /* Base */ = {isa = PBXFileReference; lastKnownFileType = file.storyboard; name = Base; path = Base.lproj/Main.storyboard; sourceTree = "<group>"; };
		5C23263F231029240045798D /* Assets.xcassets */ = {isa = PBXFileReference; lastKnownFileType = folder.assetcatalog; path = Assets.xcassets; sourceTree = "<group>"; };
		5C232642231029240045798D /* Base */ = {isa = PBXFileReference; lastKnownFileType = file.storyboard; name = Base; path = Base.lproj/LaunchScreen.storyboard; sourceTree = "<group>"; };
		5C232644231029240045798D /* Info.plist */ = {isa = PBXFileReference; lastKnownFileType = text.plist.xml; path = Info.plist; sourceTree = "<group>"; };
		5CC0763B2314850A00FFDE1B /* info-icon.png */ = {isa = PBXFileReference; lastKnownFileType = image.png; path = "info-icon.png"; sourceTree = "<group>"; };
		5CC0763D231487DB00FFDE1B /* Cartoon Mike_trans-2.gif */ = {isa = PBXFileReference; lastKnownFileType = image.gif; path = "Cartoon Mike_trans-2.gif"; sourceTree = "<group>"; };
		5CF2417223295C26001B11C2 /* AboutViewController.swift */ = {isa = PBXFileReference; lastKnownFileType = sourcecode.swift; path = AboutViewController.swift; sourceTree = "<group>"; };
		5CF241742329615E001B11C2 /* LeftToRightSegue.swift */ = {isa = PBXFileReference; lastKnownFileType = sourcecode.swift; path = LeftToRightSegue.swift; sourceTree = "<group>"; };
		5CF241762329634C001B11C2 /* RightToLeftSegue.swift */ = {isa = PBXFileReference; fileEncoding = 4; lastKnownFileType = sourcecode.swift; path = RightToLeftSegue.swift; sourceTree = "<group>"; };
/* End PBXFileReference section */

/* Begin PBXFrameworksBuildPhase section */
		5C232632231029210045798D /* Frameworks */ = {
			isa = PBXFrameworksBuildPhase;
			buildActionMask = 2147483647;
			files = (
			);
			runOnlyForDeploymentPostprocessing = 0;
		};
/* End PBXFrameworksBuildPhase section */

/* Begin PBXGroup section */
		5C23262C231029210045798D = {
			isa = PBXGroup;
			children = (
				5C232637231029210045798D /* One-Day-Diet */,
				5C232636231029210045798D /* Products */,
			);
			sourceTree = "<group>";
		};
		5C232636231029210045798D /* Products */ = {
			isa = PBXGroup;
			children = (
				5C232635231029210045798D /* One-Day-Diet.app */,
			);
			name = Products;
			sourceTree = "<group>";
		};
		5C232637231029210045798D /* One-Day-Diet */ = {
			isa = PBXGroup;
			children = (
				5CC0763A231484E300FFDE1B /* Images */,
				5C232638231029210045798D /* AppDelegate.swift */,
				5CF2417223295C26001B11C2 /* AboutViewController.swift */,
				5C23263A231029210045798D /* ViewController.swift */,
				5CF241742329615E001B11C2 /* LeftToRightSegue.swift */,
				5CF241762329634C001B11C2 /* RightToLeftSegue.swift */,
				5C23263C231029210045798D /* Main.storyboard */,
				5C23263F231029240045798D /* Assets.xcassets */,
				5C232641231029240045798D /* LaunchScreen.storyboard */,
				5C232644231029240045798D /* Info.plist */,
			);
			path = "One-Day-Diet";
			sourceTree = "<group>";
		};
		5CC0763A231484E300FFDE1B /* Images */ = {
			isa = PBXGroup;
			children = (
				5CC0763D231487DB00FFDE1B /* Cartoon Mike_trans-2.gif */,
				5CC0763B2314850A00FFDE1B /* info-icon.png */,
			);
			path = Images;
			sourceTree = "<group>";
		};
/* End PBXGroup section */

/* Begin PBXNativeTarget section */
		5C232634231029210045798D /* One-Day-Diet */ = {
			isa = PBXNativeTarget;
			buildConfigurationList = 5C232647231029240045798D /* Build configuration list for PBXNativeTarget "One-Day-Diet" */;
			buildPhases = (
				5C232631231029210045798D /* Sources */,
				5C232632231029210045798D /* Frameworks */,
				5C232633231029210045798D /* Resources */,
			);
			buildRules = (
			);
			dependencies = (
			);
			name = "One-Day-Diet";
			productName = "Single Day Diet";
			productReference = 5C232635231029210045798D /* One-Day-Diet.app */;
			productType = "com.apple.product-type.application";
		};
/* End PBXNativeTarget section */

/* Begin PBXProject section */
		5C23262D231029210045798D /* Project object */ = {
			isa = PBXProject;
			attributes = {
				LastSwiftUpdateCheck = 1020;
				LastUpgradeCheck = 1020;
				ORGANIZATIONNAME = "Michael Collins";
				TargetAttributes = {
					5C232634231029210045798D = {
						CreatedOnToolsVersion = 10.2.1;
					};
				};
			};
			buildConfigurationList = 5C232630231029210045798D /* Build configuration list for PBXProject "One-Day-Diet" */;
			compatibilityVersion = "Xcode 9.3";
			developmentRegion = en;
			hasScannedForEncodings = 0;
			knownRegions = (
				en,
				Base,
			);
			mainGroup = 5C23262C231029210045798D;
			productRefGroup = 5C232636231029210045798D /* Products */;
			projectDirPath = "";
			projectRoot = "";
			targets = (
				5C232634231029210045798D /* One-Day-Diet */,
			);
		};
/* End PBXProject section */

/* Begin PBXResourcesBuildPhase section */
		5C232633231029210045798D /* Resources */ = {
			isa = PBXResourcesBuildPhase;
			buildActionMask = 2147483647;
			files = (
				5C232643231029240045798D /* LaunchScreen.storyboard in Resources */,
				5C232640231029240045798D /* Assets.xcassets in Resources */,
				5CC0763C2314850A00FFDE1B /* info-icon.png in Resources */,
				5C23263E231029210045798D /* Main.storyboard in Resources */,
				5CC0763E231487DB00FFDE1B /* Cartoon Mike_trans-2.gif in Resources */,
			);
			runOnlyForDeploymentPostprocessing = 0;
		};
/* End PBXResourcesBuildPhase section */

/* Begin PBXSourcesBuildPhase section */
		5C232631231029210045798D /* Sources */ = {
			isa = PBXSourcesBuildPhase;
			buildActionMask = 2147483647;
			files = (
				5CF2417323295C26001B11C2 /* AboutViewController.swift in Sources */,
				5CF241772329634C001B11C2 /* RightToLeftSegue.swift in Sources */,
				5C23263B231029210045798D /* ViewController.swift in Sources */,
				5CF241752329615E001B11C2 /* LeftToRightSegue.swift in Sources */,
				5C232639231029210045798D /* AppDelegate.swift in Sources */,
			);
			runOnlyForDeploymentPostprocessing = 0;
		};
/* End PBXSourcesBuildPhase section */

/* Begin PBXVariantGroup section */
		5C23263C231029210045798D /* Main.storyboard */ = {
			isa = PBXVariantGroup;
			children = (
				5C23263D231029210045798D /* Base */,
			);
			name = Main.storyboard;
			sourceTree = "<group>";
		};
		5C232641231029240045798D /* LaunchScreen.storyboard */ = {
			isa = PBXVariantGroup;
			children = (
				5C232642231029240045798D /* Base */,
			);
			name = LaunchScreen.storyboard;
			sourceTree = "<group>";
		};
/* End PBXVariantGroup section */

/* Begin XCBuildConfiguration section */
		5C232645231029240045798D /* Debug */ = {
			isa = XCBuildConfiguration;
			buildSettings = {
				ALWAYS_SEARCH_USER_PATHS = NO;
				CLANG_ANALYZER_NONNULL = YES;
				CLANG_ANALYZER_NUMBER_OBJECT_CONVERSION = YES_AGGRESSIVE;
				CLANG_CXX_LANGUAGE_STANDARD = "gnu++14";
				CLANG_CXX_LIBRARY = "libc++";
				CLANG_ENABLE_MODULES = YES;
				CLANG_ENABLE_OBJC_ARC = YES;
				CLANG_ENABLE_OBJC_WEAK = YES;
				CLANG_WARN_BLOCK_CAPTURE_AUTORELEASING = YES;
				CLANG_WARN_BOOL_CONVERSION = YES;
				CLANG_WARN_COMMA = YES;
				CLANG_WARN_CONSTANT_CONVERSION = YES;
				CLANG_WARN_DEPRECATED_OBJC_IMPLEMENTATIONS = YES;
				CLANG_WARN_DIRECT_OBJC_ISA_USAGE = YES_ERROR;
				CLANG_WARN_DOCUMENTATION_COMMENTS = YES;
				CLANG_WARN_EMPTY_BODY = YES;
				CLANG_WARN_ENUM_CONVERSION = YES;
				CLANG_WARN_INFINITE_RECURSION = YES;
				CLANG_WARN_INT_CONVERSION = YES;
				CLANG_WARN_NON_LITERAL_NULL_CONVERSION = YES;
				CLANG_WARN_OBJC_IMPLICIT_RETAIN_SELF = YES;
				CLANG_WARN_OBJC_LITERAL_CONVERSION = YES;
				CLANG_WARN_OBJC_ROOT_CLASS = YES_ERROR;
				CLANG_WARN_RANGE_LOOP_ANALYSIS = YES;
				CLANG_WARN_STRICT_PROTOTYPES = YES;
				CLANG_WARN_SUSPICIOUS_MOVE = YES;
				CLANG_WARN_UNGUARDED_AVAILABILITY = YES_AGGRESSIVE;
				CLANG_WARN_UNREACHABLE_CODE = YES;
				CLANG_WARN__DUPLICATE_METHOD_MATCH = YES;
				CODE_SIGN_IDENTITY = "iPhone Developer";
				COPY_PHASE_STRIP = NO;
				DEBUG_INFORMATION_FORMAT = dwarf;
				ENABLE_STRICT_OBJC_MSGSEND = YES;
				ENABLE_TESTABILITY = YES;
				GCC_C_LANGUAGE_STANDARD = gnu11;
				GCC_DYNAMIC_NO_PIC = NO;
				GCC_NO_COMMON_BLOCKS = YES;
				GCC_OPTIMIZATION_LEVEL = 0;
				GCC_PREPROCESSOR_DEFINITIONS = (
					"DEBUG=1",
					"$(inherited)",
				);
				GCC_WARN_64_TO_32_BIT_CONVERSION = YES;
				GCC_WARN_ABOUT_RETURN_TYPE = YES_ERROR;
				GCC_WARN_UNDECLARED_SELECTOR = YES;
				GCC_WARN_UNINITIALIZED_AUTOS = YES_AGGRESSIVE;
				GCC_WARN_UNUSED_FUNCTION = YES;
				GCC_WARN_UNUSED_VARIABLE = YES;
				IPHONEOS_DEPLOYMENT_TARGET = 12.2;
				MTL_ENABLE_DEBUG_INFO = INCLUDE_SOURCE;
				MTL_FAST_MATH = YES;
				ONLY_ACTIVE_ARCH = YES;
				SDKROOT = iphoneos;
				SWIFT_ACTIVE_COMPILATION_CONDITIONS = DEBUG;
				SWIFT_OPTIMIZATION_LEVEL = "-Onone";
			};
			name = Debug;
		};
		5C232646231029240045798D /* Release */ = {
			isa = XCBuildConfiguration;
			buildSettings = {
				ALWAYS_SEARCH_USER_PATHS = NO;
				CLANG_ANALYZER_NONNULL = YES;
				CLANG_ANALYZER_NUMBER_OBJECT_CONVERSION = YES_AGGRESSIVE;
				CLANG_CXX_LANGUAGE_STANDARD = "gnu++14";
				CLANG_CXX_LIBRARY = "libc++";
				CLANG_ENABLE_MODULES = YES;
				CLANG_ENABLE_OBJC_ARC = YES;
				CLANG_ENABLE_OBJC_WEAK = YES;
				CLANG_WARN_BLOCK_CAPTURE_AUTORELEASING = YES;
				CLANG_WARN_BOOL_CONVERSION = YES;
				CLANG_WARN_COMMA = YES;
				CLANG_WARN_CONSTANT_CONVERSION = YES;
				CLANG_WARN_DEPRECATED_OBJC_IMPLEMENTATIONS = YES;
				CLANG_WARN_DIRECT_OBJC_ISA_USAGE = YES_ERROR;
				CLANG_WARN_DOCUMENTATION_COMMENTS = YES;
				CLANG_WARN_EMPTY_BODY = YES;
				CLANG_WARN_ENUM_CONVERSION = YES;
				CLANG_WARN_INFINITE_RECURSION = YES;
				CLANG_WARN_INT_CONVERSION = YES;
				CLANG_WARN_NON_LITERAL_NULL_CONVERSION = YES;
				CLANG_WARN_OBJC_IMPLICIT_RETAIN_SELF = YES;
				CLANG_WARN_OBJC_LITERAL_CONVERSION = YES;
				CLANG_WARN_OBJC_ROOT_CLASS = YES_ERROR;
				CLANG_WARN_RANGE_LOOP_ANALYSIS = YES;
				CLANG_WARN_STRICT_PROTOTYPES = YES;
				CLANG_WARN_SUSPICIOUS_MOVE = YES;
				CLANG_WARN_UNGUARDED_AVAILABILITY = YES_AGGRESSIVE;
				CLANG_WARN_UNREACHABLE_CODE = YES;
				CLANG_WARN__DUPLICATE_METHOD_MATCH = YES;
				CODE_SIGN_IDENTITY = "iPhone Developer";
				COPY_PHASE_STRIP = NO;
				DEBUG_INFORMATION_FORMAT = "dwarf-with-dsym";
				ENABLE_NS_ASSERTIONS = NO;
				ENABLE_STRICT_OBJC_MSGSEND = YES;
				GCC_C_LANGUAGE_STANDARD = gnu11;
				GCC_NO_COMMON_BLOCKS = YES;
				GCC_WARN_64_TO_32_BIT_CONVERSION = YES;
				GCC_WARN_ABOUT_RETURN_TYPE = YES_ERROR;
				GCC_WARN_UNDECLARED_SELECTOR = YES;
				GCC_WARN_UNINITIALIZED_AUTOS = YES_AGGRESSIVE;
				GCC_WARN_UNUSED_FUNCTION = YES;
				GCC_WARN_UNUSED_VARIABLE = YES;
				IPHONEOS_DEPLOYMENT_TARGET = 12.2;
				MTL_ENABLE_DEBUG_INFO = NO;
				MTL_FAST_MATH = YES;
				SDKROOT = iphoneos;
				SWIFT_COMPILATION_MODE = wholemodule;
				SWIFT_OPTIMIZATION_LEVEL = "-O";
				VALIDATE_PRODUCT = YES;
			};
			name = Release;
		};
		5C232648231029240045798D /* Debug */ = {
			isa = XCBuildConfiguration;
			buildSettings = {
				ASSETCATALOG_COMPILER_APPICON_NAME = AppIcon;
				CODE_SIGN_STYLE = Automatic;
				DEVELOPMENT_TEAM = 9ED5E567X5;
				INFOPLIST_FILE = "$(SRCROOT)/One-Day-Diet/Info.plist";
				LD_RUNPATH_SEARCH_PATHS = (
					"$(inherited)",
					"@executable_path/Frameworks",
				);
				PRODUCT_BUNDLE_IDENTIFIER = "com.mjc.one-day-diet";
				PRODUCT_NAME = "$(TARGET_NAME)";
				SWIFT_VERSION = 5.0;
				TARGETED_DEVICE_FAMILY = "1,2";
			};
			name = Debug;
		};
		5C232649231029240045798D /* Release */ = {
			isa = XCBuildConfiguration;
			buildSettings = {
				ASSETCATALOG_COMPILER_APPICON_NAME = AppIcon;
				CODE_SIGN_STYLE = Automatic;
				DEVELOPMENT_TEAM = 9ED5E567X5;
				INFOPLIST_FILE = "$(SRCROOT)/One-Day-Diet/Info.plist";
				LD_RUNPATH_SEARCH_PATHS = (
					"$(inherited)",
					"@executable_path/Frameworks",
				);
				PRODUCT_BUNDLE_IDENTIFIER = "com.mjc.one-day-diet";
				PRODUCT_NAME = "$(TARGET_NAME)";
				SWIFT_VERSION = 5.0;
				TARGETED_DEVICE_FAMILY = "1,2";
			};
			name = Release;
		};
/* End XCBuildConfiguration section */

/* Begin XCConfigurationList section */
		5C232630231029210045798D /* Build configuration list for PBXProject "One-Day-Diet" */ = {
			isa = XCConfigurationList;
			buildConfigurations = (
				5C232645231029240045798D /* Debug */,
				5C232646231029240045798D /* Release */,
			);
			defaultConfigurationIsVisible = 0;
			defaultConfigurationName = Release;
		};
		5C232647231029240045798D /* Build configuration list for PBXNativeTarget "One-Day-Diet" */ = {
			isa = XCConfigurationList;
			buildConfigurations = (
				5C232648231029240045798D /* Debug */,
				5C232649231029240045798D /* Release */,
			);
			defaultConfigurationIsVisible = 0;
			defaultConfigurationName = Release;
		};
/* End XCConfigurationList section */
	};
	rootObject = 5C23262D231029210045798D /* Project object */;
}
